
Microsoft Visual Studio Solution File, Format Version 12.00
# Visual Studio Version 16
VisualStudioVersion = 16.0.33130.400
MinimumVisualStudioVersion = 10.0.40219.1
Project("{FAE04EC0-301F-11D3-BF4B-00C04F79EFBC}") = "VeretnovaIS19_ПМ02", "VeretnovaIS19_ПМ02.csproj", "{CE4635AC-4E8E-4BB1-B12E-C2521D3F1F37}"
EndProject
Global
	GlobalSection(SolutionConfigurationPlatforms) = preSolution
		Debug|Any CPU = Debug|Any CPU
		Release|Any CPU = Release|Any CPU
	EndGlobalSection
	GlobalSection(ProjectConfigurationPlatforms) = postSolution
		{CE4635AC-4E8E-4BB1-B12E-C2521D3F1F37}.Debug|Any CPU.ActiveCfg = Debug|Any CPU
		{CE4635AC-4E8E-4BB1-B12E-C2521D3F1F37}.Debug|Any CPU.Build.0 = Debug|Any CPU
		{CE4635AC-4E8E-4BB1-B12E-C2521D3F1F37}.Release|Any CPU.ActiveCfg = Release|Any CPU
		{CE4635AC-4E8E-4BB1-B12E-C2521D3F1F37}.Release|Any CPU.Build.0 = Release|Any CPU
	EndGlobalSection
	GlobalSection(SolutionProperties) = preSolution
		HideSolutionNode = FALSE
	EndGlobalSection
	GlobalSection(ExtensibilityGlobals) = postSolution
		SolutionGuid = {98306653-15AE-41A9-A7C7-420D880ABC12}
	EndGlobalSection
EndGlobal
